
Microsoft Visual Studio Solution File, Format Version 12.00
# Visual Studio Version 17
VisualStudioVersion = 17.14.37328.6 d17.14
MinimumVisualStudioVersion = 10.0.40219.1
Project("{FAE04EC0-301F-11D3-BF4B-00C04F79EFBC}") = "D. Positions in array", "D. Positions in array.csproj", "{3ACA3D28-AE7C-4B5B-806E-F99DDFF9B682}"
EndProject
Global
	GlobalSection(SolutionConfigurationPlatforms) = preSolution
		Debug|Any CPU = Debug|Any CPU
		Release|Any CPU = Release|Any CPU
	EndGlobalSection
	GlobalSection(ProjectConfigurationPlatforms) = postSolution
		{3ACA3D28-AE7C-4B5B-806E-F99DDFF9B682}.Debug|Any CPU.ActiveCfg = Debug|Any CPU
		{3ACA3D28-AE7C-4B5B-806E-F99DDFF9B682}.Debug|Any CPU.Build.0 = Debug|Any CPU
		{3ACA3D28-AE7C-4B5B-806E-F99DDFF9B682}.Release|Any CPU.ActiveCfg = Release|Any CPU
		{3ACA3D28-AE7C-4B5B-806E-F99DDFF9B682}.Release|Any CPU.Build.0 = Release|Any CPU
	EndGlobalSection
	GlobalSection(SolutionProperties) = preSolution
		HideSolutionNode = FALSE
	EndGlobalSection
	GlobalSection(ExtensibilityGlobals) = postSolution
		SolutionGuid = {A385E767-C9AC-4A36-9D7F-E2FCF1D5C635}
	EndGlobalSection
EndGlobal
