
Microsoft Visual Studio Solution File, Format Version 12.00
# Visual Studio Version 17
VisualStudioVersion = 17.14.37203.1 d17.14
MinimumVisualStudioVersion = 10.0.40219.1
Project("{FAE04EC0-301F-11D3-BF4B-00C04F79EFBC}") = "P. First digit !", "P. First digit !.csproj", "{9464E45B-ED6D-4817-B889-366C38C3DEAA}"
EndProject
Global
	GlobalSection(SolutionConfigurationPlatforms) = preSolution
		Debug|Any CPU = Debug|Any CPU
		Release|Any CPU = Release|Any CPU
	EndGlobalSection
	GlobalSection(ProjectConfigurationPlatforms) = postSolution
		{9464E45B-ED6D-4817-B889-366C38C3DEAA}.Debug|Any CPU.ActiveCfg = Debug|Any CPU
		{9464E45B-ED6D-4817-B889-366C38C3DEAA}.Debug|Any CPU.Build.0 = Debug|Any CPU
		{9464E45B-ED6D-4817-B889-366C38C3DEAA}.Release|Any CPU.ActiveCfg = Release|Any CPU
		{9464E45B-ED6D-4817-B889-366C38C3DEAA}.Release|Any CPU.Build.0 = Release|Any CPU
	EndGlobalSection
	GlobalSection(SolutionProperties) = preSolution
		HideSolutionNode = FALSE
	EndGlobalSection
	GlobalSection(ExtensibilityGlobals) = postSolution
		SolutionGuid = {37740088-3DDC-44B9-BF3F-8F170E324190}
	EndGlobalSection
EndGlobal
