
Microsoft Visual Studio Solution File, Format Version 12.00
# Visual Studio Version 17
VisualStudioVersion = 17.14.37301.10 d17.14
MinimumVisualStudioVersion = 10.0.40219.1
Project("{FAE04EC0-301F-11D3-BF4B-00C04F79EFBC}") = "C. Even, Odd, Positive and Negative", "C. Even, Odd, Positive and Negative.csproj", "{DABE1417-0B5A-400D-94DC-0038DDA625D9}"
EndProject
Global
	GlobalSection(SolutionConfigurationPlatforms) = preSolution
		Debug|Any CPU = Debug|Any CPU
		Release|Any CPU = Release|Any CPU
	EndGlobalSection
	GlobalSection(ProjectConfigurationPlatforms) = postSolution
		{DABE1417-0B5A-400D-94DC-0038DDA625D9}.Debug|Any CPU.ActiveCfg = Debug|Any CPU
		{DABE1417-0B5A-400D-94DC-0038DDA625D9}.Debug|Any CPU.Build.0 = Debug|Any CPU
		{DABE1417-0B5A-400D-94DC-0038DDA625D9}.Release|Any CPU.ActiveCfg = Release|Any CPU
		{DABE1417-0B5A-400D-94DC-0038DDA625D9}.Release|Any CPU.Build.0 = Release|Any CPU
	EndGlobalSection
	GlobalSection(SolutionProperties) = preSolution
		HideSolutionNode = FALSE
	EndGlobalSection
	GlobalSection(ExtensibilityGlobals) = postSolution
		SolutionGuid = {D4317268-988A-46BC-B3AD-53C73F53534D}
	EndGlobalSection
EndGlobal
