
Microsoft Visual Studio Solution File, Format Version 12.00
# Visual Studio Version 17
VisualStudioVersion = 17.14.37203.1 d17.14
MinimumVisualStudioVersion = 10.0.40219.1
Project("{FAE04EC0-301F-11D3-BF4B-00C04F79EFBC}") = "B. Basic Data Types", "B. Basic Data Types.csproj", "{C20FFFF2-052A-4F55-A111-E5D7785648D2}"
EndProject
Global
	GlobalSection(SolutionConfigurationPlatforms) = preSolution
		Debug|Any CPU = Debug|Any CPU
		Release|Any CPU = Release|Any CPU
	EndGlobalSection
	GlobalSection(ProjectConfigurationPlatforms) = postSolution
		{C20FFFF2-052A-4F55-A111-E5D7785648D2}.Debug|Any CPU.ActiveCfg = Debug|Any CPU
		{C20FFFF2-052A-4F55-A111-E5D7785648D2}.Debug|Any CPU.Build.0 = Debug|Any CPU
		{C20FFFF2-052A-4F55-A111-E5D7785648D2}.Release|Any CPU.ActiveCfg = Release|Any CPU
		{C20FFFF2-052A-4F55-A111-E5D7785648D2}.Release|Any CPU.Build.0 = Release|Any CPU
	EndGlobalSection
	GlobalSection(SolutionProperties) = preSolution
		HideSolutionNode = FALSE
	EndGlobalSection
	GlobalSection(ExtensibilityGlobals) = postSolution
		SolutionGuid = {FF16626B-8BB8-4973-95E3-78CF417D93D1}
	EndGlobalSection
EndGlobal
