
Microsoft Visual Studio Solution File, Format Version 12.00
# Visual Studio Version 17
VisualStudioVersion = 17.14.37203.1 d17.14
MinimumVisualStudioVersion = 10.0.40219.1
Project("{FAE04EC0-301F-11D3-BF4B-00C04F79EFBC}") = "V. Comparison", "V. Comparison.csproj", "{590905AE-3211-49B7-8040-096EB376F6BF}"
EndProject
Global
	GlobalSection(SolutionConfigurationPlatforms) = preSolution
		Debug|Any CPU = Debug|Any CPU
		Release|Any CPU = Release|Any CPU
	EndGlobalSection
	GlobalSection(ProjectConfigurationPlatforms) = postSolution
		{590905AE-3211-49B7-8040-096EB376F6BF}.Debug|Any CPU.ActiveCfg = Debug|Any CPU
		{590905AE-3211-49B7-8040-096EB376F6BF}.Debug|Any CPU.Build.0 = Debug|Any CPU
		{590905AE-3211-49B7-8040-096EB376F6BF}.Release|Any CPU.ActiveCfg = Release|Any CPU
		{590905AE-3211-49B7-8040-096EB376F6BF}.Release|Any CPU.Build.0 = Release|Any CPU
	EndGlobalSection
	GlobalSection(SolutionProperties) = preSolution
		HideSolutionNode = FALSE
	EndGlobalSection
	GlobalSection(ExtensibilityGlobals) = postSolution
		SolutionGuid = {66034108-1C5C-4751-8FAD-AC5362021E69}
	EndGlobalSection
EndGlobal
