
Microsoft Visual Studio Solution File, Format Version 12.00
# Visual Studio Version 17
VisualStudioVersion = 17.14.37328.6 d17.14
MinimumVisualStudioVersion = 10.0.40219.1
Project("{FAE04EC0-301F-11D3-BF4B-00C04F79EFBC}") = "A. Summation", "A. Summation.csproj", "{25CB977A-3D02-4994-83C6-8E7E839D92AE}"
EndProject
Global
	GlobalSection(SolutionConfigurationPlatforms) = preSolution
		Debug|Any CPU = Debug|Any CPU
		Release|Any CPU = Release|Any CPU
	EndGlobalSection
	GlobalSection(ProjectConfigurationPlatforms) = postSolution
		{25CB977A-3D02-4994-83C6-8E7E839D92AE}.Debug|Any CPU.ActiveCfg = Debug|Any CPU
		{25CB977A-3D02-4994-83C6-8E7E839D92AE}.Debug|Any CPU.Build.0 = Debug|Any CPU
		{25CB977A-3D02-4994-83C6-8E7E839D92AE}.Release|Any CPU.ActiveCfg = Release|Any CPU
		{25CB977A-3D02-4994-83C6-8E7E839D92AE}.Release|Any CPU.Build.0 = Release|Any CPU
	EndGlobalSection
	GlobalSection(SolutionProperties) = preSolution
		HideSolutionNode = FALSE
	EndGlobalSection
	GlobalSection(ExtensibilityGlobals) = postSolution
		SolutionGuid = {E77A0E39-BA61-424B-BA56-3EEDB4E75AFE}
	EndGlobalSection
EndGlobal
