
Microsoft Visual Studio Solution File, Format Version 12.00
# Visual Studio Version 17
VisualStudioVersion = 17.14.37301.10 d17.14
MinimumVisualStudioVersion = 10.0.40219.1
Project("{FAE04EC0-301F-11D3-BF4B-00C04F79EFBC}") = "G. Factorial", "G. Factorial.csproj", "{B4CCD2AA-27AB-4E79-AE88-89256B0F2DBD}"
EndProject
Global
	GlobalSection(SolutionConfigurationPlatforms) = preSolution
		Debug|Any CPU = Debug|Any CPU
		Release|Any CPU = Release|Any CPU
	EndGlobalSection
	GlobalSection(ProjectConfigurationPlatforms) = postSolution
		{B4CCD2AA-27AB-4E79-AE88-89256B0F2DBD}.Debug|Any CPU.ActiveCfg = Debug|Any CPU
		{B4CCD2AA-27AB-4E79-AE88-89256B0F2DBD}.Debug|Any CPU.Build.0 = Debug|Any CPU
		{B4CCD2AA-27AB-4E79-AE88-89256B0F2DBD}.Release|Any CPU.ActiveCfg = Release|Any CPU
		{B4CCD2AA-27AB-4E79-AE88-89256B0F2DBD}.Release|Any CPU.Build.0 = Release|Any CPU
	EndGlobalSection
	GlobalSection(SolutionProperties) = preSolution
		HideSolutionNode = FALSE
	EndGlobalSection
	GlobalSection(ExtensibilityGlobals) = postSolution
		SolutionGuid = {5D9837E2-0560-4A27-A906-038F1DD57128}
	EndGlobalSection
EndGlobal
