
Microsoft Visual Studio Solution File, Format Version 12.00
# Visual Studio Version 17
VisualStudioVersion = 17.14.37203.1 d17.14
MinimumVisualStudioVersion = 10.0.40219.1
Project("{FAE04EC0-301F-11D3-BF4B-00C04F79EFBC}") = "T. Sort Numbers", "T. Sort Numbers.csproj", "{DF3EF3D4-7A74-4887-AD38-007CE0043D79}"
EndProject
Global
	GlobalSection(SolutionConfigurationPlatforms) = preSolution
		Debug|Any CPU = Debug|Any CPU
		Release|Any CPU = Release|Any CPU
	EndGlobalSection
	GlobalSection(ProjectConfigurationPlatforms) = postSolution
		{DF3EF3D4-7A74-4887-AD38-007CE0043D79}.Debug|Any CPU.ActiveCfg = Debug|Any CPU
		{DF3EF3D4-7A74-4887-AD38-007CE0043D79}.Debug|Any CPU.Build.0 = Debug|Any CPU
		{DF3EF3D4-7A74-4887-AD38-007CE0043D79}.Release|Any CPU.ActiveCfg = Release|Any CPU
		{DF3EF3D4-7A74-4887-AD38-007CE0043D79}.Release|Any CPU.Build.0 = Release|Any CPU
	EndGlobalSection
	GlobalSection(SolutionProperties) = preSolution
		HideSolutionNode = FALSE
	EndGlobalSection
	GlobalSection(ExtensibilityGlobals) = postSolution
		SolutionGuid = {BA77B2CA-58A6-4D0E-83E1-823B024F9246}
	EndGlobalSection
EndGlobal
