
Microsoft Visual Studio Solution File, Format Version 12.00
# Visual Studio Version 17
VisualStudioVersion = 17.14.37203.1 d17.14
MinimumVisualStudioVersion = 10.0.40219.1
Project("{FAE04EC0-301F-11D3-BF4B-00C04F79EFBC}") = "H. Two numbers", "H. Two numbers.csproj", "{71C80CBD-19F4-404D-9B0E-C5F587B508C7}"
EndProject
Global
	GlobalSection(SolutionConfigurationPlatforms) = preSolution
		Debug|Any CPU = Debug|Any CPU
		Release|Any CPU = Release|Any CPU
	EndGlobalSection
	GlobalSection(ProjectConfigurationPlatforms) = postSolution
		{71C80CBD-19F4-404D-9B0E-C5F587B508C7}.Debug|Any CPU.ActiveCfg = Debug|Any CPU
		{71C80CBD-19F4-404D-9B0E-C5F587B508C7}.Debug|Any CPU.Build.0 = Debug|Any CPU
		{71C80CBD-19F4-404D-9B0E-C5F587B508C7}.Release|Any CPU.ActiveCfg = Release|Any CPU
		{71C80CBD-19F4-404D-9B0E-C5F587B508C7}.Release|Any CPU.Build.0 = Release|Any CPU
	EndGlobalSection
	GlobalSection(SolutionProperties) = preSolution
		HideSolutionNode = FALSE
	EndGlobalSection
	GlobalSection(ExtensibilityGlobals) = postSolution
		SolutionGuid = {82813572-82CF-4389-AD96-1D528C4FA4E4}
	EndGlobalSection
EndGlobal
