
Microsoft Visual Studio Solution File, Format Version 12.00
# Visual Studio Version 17
VisualStudioVersion = 17.14.37203.1 d17.14
MinimumVisualStudioVersion = 10.0.40219.1
Project("{FAE04EC0-301F-11D3-BF4B-00C04F79EFBC}") = "Q. Coordinates of a Point", "Q. Coordinates of a Point.csproj", "{19039570-AE68-4B53-9AEC-E386772351F5}"
EndProject
Global
	GlobalSection(SolutionConfigurationPlatforms) = preSolution
		Debug|Any CPU = Debug|Any CPU
		Release|Any CPU = Release|Any CPU
	EndGlobalSection
	GlobalSection(ProjectConfigurationPlatforms) = postSolution
		{19039570-AE68-4B53-9AEC-E386772351F5}.Debug|Any CPU.ActiveCfg = Debug|Any CPU
		{19039570-AE68-4B53-9AEC-E386772351F5}.Debug|Any CPU.Build.0 = Debug|Any CPU
		{19039570-AE68-4B53-9AEC-E386772351F5}.Release|Any CPU.ActiveCfg = Release|Any CPU
		{19039570-AE68-4B53-9AEC-E386772351F5}.Release|Any CPU.Build.0 = Release|Any CPU
	EndGlobalSection
	GlobalSection(SolutionProperties) = preSolution
		HideSolutionNode = FALSE
	EndGlobalSection
	GlobalSection(ExtensibilityGlobals) = postSolution
		SolutionGuid = {5280242A-F78E-4348-A307-8DD48938E515}
	EndGlobalSection
EndGlobal
