
Microsoft Visual Studio Solution File, Format Version 12.00
# Visual Studio Version 17
VisualStudioVersion = 17.14.37203.1 d17.14
MinimumVisualStudioVersion = 10.0.40219.1
Project("{FAE04EC0-301F-11D3-BF4B-00C04F79EFBC}") = "F. Digits Summation", "F. Digits Summation.csproj", "{12FEA0E1-B697-4F17-92DC-D9620029C2A1}"
EndProject
Global
	GlobalSection(SolutionConfigurationPlatforms) = preSolution
		Debug|Any CPU = Debug|Any CPU
		Release|Any CPU = Release|Any CPU
	EndGlobalSection
	GlobalSection(ProjectConfigurationPlatforms) = postSolution
		{12FEA0E1-B697-4F17-92DC-D9620029C2A1}.Debug|Any CPU.ActiveCfg = Debug|Any CPU
		{12FEA0E1-B697-4F17-92DC-D9620029C2A1}.Debug|Any CPU.Build.0 = Debug|Any CPU
		{12FEA0E1-B697-4F17-92DC-D9620029C2A1}.Release|Any CPU.ActiveCfg = Release|Any CPU
		{12FEA0E1-B697-4F17-92DC-D9620029C2A1}.Release|Any CPU.Build.0 = Release|Any CPU
	EndGlobalSection
	GlobalSection(SolutionProperties) = preSolution
		HideSolutionNode = FALSE
	EndGlobalSection
	GlobalSection(ExtensibilityGlobals) = postSolution
		SolutionGuid = {94EEB46C-69C4-4A18-B1B9-3EB8113019FC}
	EndGlobalSection
EndGlobal
