
Microsoft Visual Studio Solution File, Format Version 12.00
# Visual Studio Version 17
VisualStudioVersion = 17.14.37203.1 d17.14
MinimumVisualStudioVersion = 10.0.40219.1
Project("{FAE04EC0-301F-11D3-BF4B-00C04F79EFBC}") = "K. Max and Min", "K. Max and Min.csproj", "{33EB0DCA-8145-4795-99DF-BDBB25D8837A}"
EndProject
Global
	GlobalSection(SolutionConfigurationPlatforms) = preSolution
		Debug|Any CPU = Debug|Any CPU
		Release|Any CPU = Release|Any CPU
	EndGlobalSection
	GlobalSection(ProjectConfigurationPlatforms) = postSolution
		{33EB0DCA-8145-4795-99DF-BDBB25D8837A}.Debug|Any CPU.ActiveCfg = Debug|Any CPU
		{33EB0DCA-8145-4795-99DF-BDBB25D8837A}.Debug|Any CPU.Build.0 = Debug|Any CPU
		{33EB0DCA-8145-4795-99DF-BDBB25D8837A}.Release|Any CPU.ActiveCfg = Release|Any CPU
		{33EB0DCA-8145-4795-99DF-BDBB25D8837A}.Release|Any CPU.Build.0 = Release|Any CPU
	EndGlobalSection
	GlobalSection(SolutionProperties) = preSolution
		HideSolutionNode = FALSE
	EndGlobalSection
	GlobalSection(ExtensibilityGlobals) = postSolution
		SolutionGuid = {2DBBA667-607B-4CE4-A0D7-858521FAC26A}
	EndGlobalSection
EndGlobal
