
Microsoft Visual Studio Solution File, Format Version 12.00
# Visual Studio Version 17
VisualStudioVersion = 17.14.37301.10 d17.14
MinimumVisualStudioVersion = 10.0.40219.1
Project("{FAE04EC0-301F-11D3-BF4B-00C04F79EFBC}") = "J. Primes from 1 to n", "J. Primes from 1 to n.csproj", "{22F27ABC-093A-44A2-BDF5-F5806651BBA0}"
EndProject
Global
	GlobalSection(SolutionConfigurationPlatforms) = preSolution
		Debug|Any CPU = Debug|Any CPU
		Release|Any CPU = Release|Any CPU
	EndGlobalSection
	GlobalSection(ProjectConfigurationPlatforms) = postSolution
		{22F27ABC-093A-44A2-BDF5-F5806651BBA0}.Debug|Any CPU.ActiveCfg = Debug|Any CPU
		{22F27ABC-093A-44A2-BDF5-F5806651BBA0}.Debug|Any CPU.Build.0 = Debug|Any CPU
		{22F27ABC-093A-44A2-BDF5-F5806651BBA0}.Release|Any CPU.ActiveCfg = Release|Any CPU
		{22F27ABC-093A-44A2-BDF5-F5806651BBA0}.Release|Any CPU.Build.0 = Release|Any CPU
	EndGlobalSection
	GlobalSection(SolutionProperties) = preSolution
		HideSolutionNode = FALSE
	EndGlobalSection
	GlobalSection(ExtensibilityGlobals) = postSolution
		SolutionGuid = {DD658B86-65D1-4AA0-8ECA-5C65EF19C222}
	EndGlobalSection
EndGlobal
