
Microsoft Visual Studio Solution File, Format Version 12.00
# Visual Studio Version 17
VisualStudioVersion = 17.14.37301.10 d17.14
MinimumVisualStudioVersion = 10.0.40219.1
Project("{FAE04EC0-301F-11D3-BF4B-00C04F79EFBC}") = "F. Multiplication table", "F. Multiplication table.csproj", "{44544CFA-7C6B-41B8-BF9D-DF75247CDB12}"
EndProject
Global
	GlobalSection(SolutionConfigurationPlatforms) = preSolution
		Debug|Any CPU = Debug|Any CPU
		Release|Any CPU = Release|Any CPU
	EndGlobalSection
	GlobalSection(ProjectConfigurationPlatforms) = postSolution
		{44544CFA-7C6B-41B8-BF9D-DF75247CDB12}.Debug|Any CPU.ActiveCfg = Debug|Any CPU
		{44544CFA-7C6B-41B8-BF9D-DF75247CDB12}.Debug|Any CPU.Build.0 = Debug|Any CPU
		{44544CFA-7C6B-41B8-BF9D-DF75247CDB12}.Release|Any CPU.ActiveCfg = Release|Any CPU
		{44544CFA-7C6B-41B8-BF9D-DF75247CDB12}.Release|Any CPU.Build.0 = Release|Any CPU
	EndGlobalSection
	GlobalSection(SolutionProperties) = preSolution
		HideSolutionNode = FALSE
	EndGlobalSection
	GlobalSection(ExtensibilityGlobals) = postSolution
		SolutionGuid = {640BC90A-25E0-42D9-B334-C0BE11759ACC}
	EndGlobalSection
EndGlobal
