
Microsoft Visual Studio Solution File, Format Version 12.00
# Visual Studio Version 17
VisualStudioVersion = 17.14.37328.6 d17.14
MinimumVisualStudioVersion = 10.0.40219.1
Project("{FAE04EC0-301F-11D3-BF4B-00C04F79EFBC}") = "C. Replacement", "C. Replacement.csproj", "{BD54E39C-027C-4AAB-8CD6-DC74A3B69F89}"
EndProject
Global
	GlobalSection(SolutionConfigurationPlatforms) = preSolution
		Debug|Any CPU = Debug|Any CPU
		Release|Any CPU = Release|Any CPU
	EndGlobalSection
	GlobalSection(ProjectConfigurationPlatforms) = postSolution
		{BD54E39C-027C-4AAB-8CD6-DC74A3B69F89}.Debug|Any CPU.ActiveCfg = Debug|Any CPU
		{BD54E39C-027C-4AAB-8CD6-DC74A3B69F89}.Debug|Any CPU.Build.0 = Debug|Any CPU
		{BD54E39C-027C-4AAB-8CD6-DC74A3B69F89}.Release|Any CPU.ActiveCfg = Release|Any CPU
		{BD54E39C-027C-4AAB-8CD6-DC74A3B69F89}.Release|Any CPU.Build.0 = Release|Any CPU
	EndGlobalSection
	GlobalSection(SolutionProperties) = preSolution
		HideSolutionNode = FALSE
	EndGlobalSection
	GlobalSection(ExtensibilityGlobals) = postSolution
		SolutionGuid = {668582F1-27C9-4D6A-8447-F2C656BE4EA7}
	EndGlobalSection
EndGlobal
